// !$*UTF8*$!
{
	archiveVersion = 1;
	classes = {
	};
	objectVersion = 55;
	objects = {

/* Begin PBXBuildFile section */
		149B6744283246A1000F117C /* AppDelegate.swift in Sources */ = {isa = PBXBuildFile; fileRef = 149B6743283246A1000F117C /* AppDelegate.swift */; };
		150C95D9278E23FA000CF7C3 /* ArbresOnePointApp.swift in Sources */ = {isa = PBXBuildFile; fileRef = 150C95D8278E23FA000CF7C3 /* ArbresOnePointApp.swift */; };
		150C95DB278E23FA000CF7C3 /* ContentView.swift in Sources */ = {isa = PBXBuildFile; fileRef = 150C95DA278E23FA000CF7C3 /* ContentView.swift */; };
		150C95DD278E23FB000CF7C3 /* Assets.xcassets in Resources */ = {isa = PBXBuildFile; fileRef = 150C95DC278E23FB000CF7C3 /* Assets.xcassets */; };
		150C95E0278E23FB000CF7C3 /* Preview Assets.xcassets in Resources */ = {isa = PBXBuildFile; fileRef = 150C95DF278E23FB000CF7C3 /* Preview Assets.xcassets */; };
		156E4D462796205E00FDC033 /* ArbreOnPointUITests.swift in Sources */ = {isa = PBXBuildFile; fileRef = 156E4D44279610E500FDC033 /* ArbreOnPointUITests.swift */; };
		156E4D472796208300FDC033 /* ArbreListViewModelTest.swift in Sources */ = {isa = PBXBuildFile; fileRef = 15892458279274AE000E4703 /* ArbreListViewModelTest.swift */; };
		156E4D482796208700FDC033 /* DataRepositoryTest.swift in Sources */ = {isa = PBXBuildFile; fileRef = 1589245C27927BDD000E4703 /* DataRepositoryTest.swift */; };
		1588A0CD27943CED00F2B0D2 /* Fields.swift in Sources */ = {isa = PBXBuildFile; fileRef = 1588A0C527943CEC00F2B0D2 /* Fields.swift */; };
		1588A0CE27943CED00F2B0D2 /* Facet.swift in Sources */ = {isa = PBXBuildFile; fileRef = 1588A0C627943CED00F2B0D2 /* Facet.swift */; };
		1588A0CF27943CED00F2B0D2 /* FacetGroup.swift in Sources */ = {isa = PBXBuildFile; fileRef = 1588A0C727943CED00F2B0D2 /* FacetGroup.swift */; };
		1588A0D027943CED00F2B0D2 /* JSONSchemaSupport.swift in Sources */ = {isa = PBXBuildFile; fileRef = 1588A0C827943CED00F2B0D2 /* JSONSchemaSupport.swift */; };
		1588A0D127943CED00F2B0D2 /* Geometry.swift in Sources */ = {isa = PBXBuildFile; fileRef = 1588A0C927943CED00F2B0D2 /* Geometry.swift */; };
		1588A0D227943CED00F2B0D2 /* ArbresResponse.swift in Sources */ = {isa = PBXBuildFile; fileRef = 1588A0CA27943CED00F2B0D2 /* ArbresResponse.swift */; };
		1588A0D327943CED00F2B0D2 /* Parameters.swift in Sources */ = {isa = PBXBuildFile; fileRef = 1588A0CB27943CED00F2B0D2 /* Parameters.swift */; };
		1588A0D427943CED00F2B0D2 /* Record.swift in Sources */ = {isa = PBXBuildFile; fileRef = 1588A0CC27943CED00F2B0D2 /* Record.swift */; };
		1588A0D6279453B300F2B0D2 /* ArbreDB.swift in Sources */ = {isa = PBXBuildFile; fileRef = 1588A0D5279453B300F2B0D2 /* ArbreDB.swift */; };
		1598FEF7279478C100A83182 /* Persistable.swift in Sources */ = {isa = PBXBuildFile; fileRef = 1598FEF6279478C100A83182 /* Persistable.swift */; };
		1598FEF92794BA7D00A83182 /* ArbreListViewModel.swift in Sources */ = {isa = PBXBuildFile; fileRef = 1598FEF82794BA7D00A83182 /* ArbreListViewModel.swift */; };
		1598FEFE2794C92000A83182 /* ArbreDetailView.swift in Sources */ = {isa = PBXBuildFile; fileRef = 1598FEFD2794C92000A83182 /* ArbreDetailView.swift */; };
		15EA8BDB27932EEC00F98DF3 /* ArbreApiService.swift in Sources */ = {isa = PBXBuildFile; fileRef = 15EA8BDA27932EEC00F98DF3 /* ArbreApiService.swift */; };
		15EA8BDE2793302D00F98DF3 /* Alamofire in Frameworks */ = {isa = PBXBuildFile; productRef = 15EA8BDD2793302D00F98DF3 /* Alamofire */; };
		15EA8BE12793328200F98DF3 /* Configuration.swift in Sources */ = {isa = PBXBuildFile; fileRef = 15EA8BE02793328200F98DF3 /* Configuration.swift */; };
		15EA8BE327933D1000F98DF3 /* DataRepository.swift in Sources */ = {isa = PBXBuildFile; fileRef = 15EA8BE227933D1000F98DF3 /* DataRepository.swift */; };
		15EA8BE627933F2700F98DF3 /* Realm in Frameworks */ = {isa = PBXBuildFile; productRef = 15EA8BE527933F2700F98DF3 /* Realm */; };
		15EA8BE827933F2700F98DF3 /* RealmSwift in Frameworks */ = {isa = PBXBuildFile; productRef = 15EA8BE727933F2700F98DF3 /* RealmSwift */; };
/* End PBXBuildFile section */

/* Begin PBXContainerItemProxy section */
		150C95E6278E23FB000CF7C3 /* PBXContainerItemProxy */ = {
			isa = PBXContainerItemProxy;
			containerPortal = 150C95CD278E23F9000CF7C3 /* Project object */;
			proxyType = 1;
			remoteGlobalIDString = 150C95D4278E23FA000CF7C3;
			remoteInfo = "Arbres One Point";
		};
		150C95F0278E23FB000CF7C3 /* PBXContainerItemProxy */ = {
			isa = PBXContainerItemProxy;
			containerPortal = 150C95CD278E23F9000CF7C3 /* Project object */;
			proxyType = 1;
			remoteGlobalIDString = 150C95D4278E23FA000CF7C3;
			remoteInfo = "Arbres One Point";
		};
/* End PBXContainerItemProxy section */

/* Begin PBXFileReference section */
		149B6743283246A1000F117C /* AppDelegate.swift */ = {isa = PBXFileReference; lastKnownFileType = sourcecode.swift; path = AppDelegate.swift; sourceTree = "<group>"; };
		150C95D5278E23FA000CF7C3 /* ArbresOnePoint.app */ = {isa = PBXFileReference; explicitFileType = wrapper.application; includeInIndex = 0; path = ArbresOnePoint.app; sourceTree = BUILT_PRODUCTS_DIR; };
		150C95D8278E23FA000CF7C3 /* ArbresOnePointApp.swift */ = {isa = PBXFileReference; lastKnownFileType = sourcecode.swift; path = ArbresOnePointApp.swift; sourceTree = "<group>"; };
		150C95DA278E23FA000CF7C3 /* ContentView.swift */ = {isa = PBXFileReference; lastKnownFileType = sourcecode.swift; path = ContentView.swift; sourceTree = "<group>"; };
		150C95DC278E23FB000CF7C3 /* Assets.xcassets */ = {isa = PBXFileReference; lastKnownFileType = folder.assetcatalog; path = Assets.xcassets; sourceTree = "<group>"; };
		150C95DF278E23FB000CF7C3 /* Preview Assets.xcassets */ = {isa = PBXFileReference; lastKnownFileType = folder.assetcatalog; path = "Preview Assets.xcassets"; sourceTree = "<group>"; };
		150C95E5278E23FB000CF7C3 /* ArbresOnePointTests.xctest */ = {isa = PBXFileReference; explicitFileType = wrapper.cfbundle; includeInIndex = 0; path = ArbresOnePointTests.xctest; sourceTree = BUILT_PRODUCTS_DIR; };
		150C95EF278E23FB000CF7C3 /* ArbresOnePointUITests.xctest */ = {isa = PBXFileReference; explicitFileType = wrapper.cfbundle; includeInIndex = 0; path = ArbresOnePointUITests.xctest; sourceTree = BUILT_PRODUCTS_DIR; };
		156E4D44279610E500FDC033 /* ArbreOnPointUITests.swift */ = {isa = PBXFileReference; lastKnownFileType = sourcecode.swift; path = ArbreOnPointUITests.swift; sourceTree = "<group>"; };
		1588A0C527943CEC00F2B0D2 /* Fields.swift */ = {isa = PBXFileReference; fileEncoding = 4; lastKnownFileType = sourcecode.swift; path = Fields.swift; sourceTree = "<group>"; };
		1588A0C627943CED00F2B0D2 /* Facet.swift */ = {isa = PBXFileReference; fileEncoding = 4; lastKnownFileType = sourcecode.swift; path = Facet.swift; sourceTree = "<group>"; };
		1588A0C727943CED00F2B0D2 /* FacetGroup.swift */ = {isa = PBXFileReference; fileEncoding = 4; lastKnownFileType = sourcecode.swift; path = FacetGroup.swift; sourceTree = "<group>"; };
		1588A0C827943CED00F2B0D2 /* JSONSchemaSupport.swift */ = {isa = PBXFileReference; fileEncoding = 4; lastKnownFileType = sourcecode.swift; path = JSONSchemaSupport.swift; sourceTree = "<group>"; };
		1588A0C927943CED00F2B0D2 /* Geometry.swift */ = {isa = PBXFileReference; fileEncoding = 4; lastKnownFileType = sourcecode.swift; path = Geometry.swift; sourceTree = "<group>"; };
		1588A0CA27943CED00F2B0D2 /* ArbresResponse.swift */ = {isa = PBXFileReference; fileEncoding = 4; lastKnownFileType = sourcecode.swift; path = ArbresResponse.swift; sourceTree = "<group>"; };
		1588A0CB27943CED00F2B0D2 /* Parameters.swift */ = {isa = PBXFileReference; fileEncoding = 4; lastKnownFileType = sourcecode.swift; path = Parameters.swift; sourceTree = "<group>"; };
		1588A0CC27943CED00F2B0D2 /* Record.swift */ = {isa = PBXFileReference; fileEncoding = 4; lastKnownFileType = sourcecode.swift; path = Record.swift; sourceTree = "<group>"; };
		1588A0D5279453B300F2B0D2 /* ArbreDB.swift */ = {isa = PBXFileReference; lastKnownFileType = sourcecode.swift; path = ArbreDB.swift; sourceTree = "<group>"; };
		15892458279274AE000E4703 /* ArbreListViewModelTest.swift */ = {isa = PBXFileReference; lastKnownFileType = sourcecode.swift; path = ArbreListViewModelTest.swift; sourceTree = "<group>"; };
		1589245C27927BDD000E4703 /* DataRepositoryTest.swift */ = {isa = PBXFileReference; lastKnownFileType = sourcecode.swift; path = DataRepositoryTest.swift; sourceTree = "<group>"; };
		1598FEF6279478C100A83182 /* Persistable.swift */ = {isa = PBXFileReference; lastKnownFileType = sourcecode.swift; path = Persistable.swift; sourceTree = "<group>"; };
		1598FEF82794BA7D00A83182 /* ArbreListViewModel.swift */ = {isa = PBXFileReference; lastKnownFileType = sourcecode.swift; path = ArbreListViewModel.swift; sourceTree = "<group>"; };
		1598FEFA2794C21E00A83182 /* Dev.xcconfig */ = {isa = PBXFileReference; lastKnownFileType = text.xcconfig; path = Dev.xcconfig; sourceTree = "<group>"; };
		1598FEFB2794C22E00A83182 /* Release.xcconfig */ = {isa = PBXFileReference; lastKnownFileType = text.xcconfig; path = Release.xcconfig; sourceTree = "<group>"; };
		1598FEFC2794C3A100A83182 /* Arbres-One-Point-Info.plist */ = {isa = PBXFileReference; lastKnownFileType = text.plist; path = "Arbres-One-Point-Info.plist"; sourceTree = SOURCE_ROOT; };
		1598FEFD2794C92000A83182 /* ArbreDetailView.swift */ = {isa = PBXFileReference; lastKnownFileType = sourcecode.swift; path = ArbreDetailView.swift; sourceTree = "<group>"; };
		15EA8BDA27932EEC00F98DF3 /* ArbreApiService.swift */ = {isa = PBXFileReference; lastKnownFileType = sourcecode.swift; path = ArbreApiService.swift; sourceTree = "<group>"; };
		15EA8BE02793328200F98DF3 /* Configuration.swift */ = {isa = PBXFileReference; lastKnownFileType = sourcecode.swift; path = Configuration.swift; sourceTree = "<group>"; };
		15EA8BE227933D1000F98DF3 /* DataRepository.swift */ = {isa = PBXFileReference; lastKnownFileType = sourcecode.swift; path = DataRepository.swift; sourceTree = "<group>"; };
/* End PBXFileReference section */

/* Begin PBXFrameworksBuildPhase section */
		150C95D2278E23FA000CF7C3 /* Frameworks */ = {
			isa = PBXFrameworksBuildPhase;
			buildActionMask = 2147483647;
			files = (
				15EA8BE827933F2700F98DF3 /* RealmSwift in Frameworks */,
				15EA8BE627933F2700F98DF3 /* Realm in Frameworks */,
				15EA8BDE2793302D00F98DF3 /* Alamofire in Frameworks */,
			);
			runOnlyForDeploymentPostprocessing = 0;
		};
		150C95E2278E23FB000CF7C3 /* Frameworks */ = {
			isa = PBXFrameworksBuildPhase;
			buildActionMask = 2147483647;
			files = (
			);
			runOnlyForDeploymentPostprocessing = 0;
		};
		150C95EC278E23FB000CF7C3 /* Frameworks */ = {
			isa = PBXFrameworksBuildPhase;
			buildActionMask = 2147483647;
			files = (
			);
			runOnlyForDeploymentPostprocessing = 0;
		};
/* End PBXFrameworksBuildPhase section */

/* Begin PBXGroup section */
		150C95CC278E23F9000CF7C3 = {
			isa = PBXGroup;
			children = (
				1598FEFB2794C22E00A83182 /* Release.xcconfig */,
				1598FEFA2794C21E00A83182 /* Dev.xcconfig */,
				150C95D7278E23FA000CF7C3 /* ArbresOnePoint */,
				150C95E8278E23FB000CF7C3 /* ArbresOnePointTests */,
				150C95F2278E23FB000CF7C3 /* ArbresOnePointUITests */,
				150C95D6278E23FA000CF7C3 /* Products */,
			);
			sourceTree = "<group>";
		};
		150C95D6278E23FA000CF7C3 /* Products */ = {
			isa = PBXGroup;
			children = (
				150C95D5278E23FA000CF7C3 /* ArbresOnePoint.app */,
				150C95E5278E23FB000CF7C3 /* ArbresOnePointTests.xctest */,
				150C95EF278E23FB000CF7C3 /* ArbresOnePointUITests.xctest */,
			);
			name = Products;
			sourceTree = "<group>";
		};
		150C95D7278E23FA000CF7C3 /* ArbresOnePoint */ = {
			isa = PBXGroup;
			children = (
				1598FEFC2794C3A100A83182 /* Arbres-One-Point-Info.plist */,
				1598FEF5279478AD00A83182 /* Protocol */,
				15EA8BDF2793326E00F98DF3 /* Util */,
				150C9606278E25E9000CF7C3 /* ViewModel */,
				150C9605278E25E1000CF7C3 /* View */,
				150C9604278E25CF000CF7C3 /* Model */,
				150C9603278E25C1000CF7C3 /* Service */,
				150C9602278E25B4000CF7C3 /* Repository */,
				150C95D8278E23FA000CF7C3 /* ArbresOnePointApp.swift */,
				150C95DC278E23FB000CF7C3 /* Assets.xcassets */,
				150C95DE278E23FB000CF7C3 /* Preview Content */,
				149B6743283246A1000F117C /* AppDelegate.swift */,
			);
			path = ArbresOnePoint;
			sourceTree = "<group>";
		};
		150C95DE278E23FB000CF7C3 /* Preview Content */ = {
			isa = PBXGroup;
			children = (
				150C95DF278E23FB000CF7C3 /* Preview Assets.xcassets */,
			);
			path = "Preview Content";
			sourceTree = "<group>";
		};
		150C95E8278E23FB000CF7C3 /* ArbresOnePointTests */ = {
			isa = PBXGroup;
			children = (
				15892458279274AE000E4703 /* ArbreListViewModelTest.swift */,
				1589245C27927BDD000E4703 /* DataRepositoryTest.swift */,
			);
			path = ArbresOnePointTests;
			sourceTree = "<group>";
		};
		150C95F2278E23FB000CF7C3 /* ArbresOnePointUITests */ = {
			isa = PBXGroup;
			children = (
				156E4D44279610E500FDC033 /* ArbreOnPointUITests.swift */,
			);
			path = ArbresOnePointUITests;
			sourceTree = "<group>";
		};
		150C9602278E25B4000CF7C3 /* Repository */ = {
			isa = PBXGroup;
			children = (
				15EA8BE227933D1000F98DF3 /* DataRepository.swift */,
			);
			path = Repository;
			sourceTree = "<group>";
		};
		150C9603278E25C1000CF7C3 /* Service */ = {
			isa = PBXGroup;
			children = (
				15EA8BDA27932EEC00F98DF3 /* ArbreApiService.swift */,
			);
			path = Service;
			sourceTree = "<group>";
		};
		150C9604278E25CF000CF7C3 /* Model */ = {
			isa = PBXGroup;
			children = (
				1588A0CA27943CED00F2B0D2 /* ArbresResponse.swift */,
				1588A0C627943CED00F2B0D2 /* Facet.swift */,
				1588A0C727943CED00F2B0D2 /* FacetGroup.swift */,
				1588A0C527943CEC00F2B0D2 /* Fields.swift */,
				1588A0C927943CED00F2B0D2 /* Geometry.swift */,
				1588A0C827943CED00F2B0D2 /* JSONSchemaSupport.swift */,
				1588A0CB27943CED00F2B0D2 /* Parameters.swift */,
				1588A0CC27943CED00F2B0D2 /* Record.swift */,
				1588A0D5279453B300F2B0D2 /* ArbreDB.swift */,
			);
			path = Model;
			sourceTree = "<group>";
		};
		150C9605278E25E1000CF7C3 /* View */ = {
			isa = PBXGroup;
			children = (
				150C95DA278E23FA000CF7C3 /* ContentView.swift */,
				1598FEFD2794C92000A83182 /* ArbreDetailView.swift */,
			);
			path = View;
			sourceTree = "<group>";
		};
		150C9606278E25E9000CF7C3 /* ViewModel */ = {
			isa = PBXGroup;
			children = (
				1598FEF82794BA7D00A83182 /* ArbreListViewModel.swift */,
			);
			path = ViewModel;
			sourceTree = "<group>";
		};
		1598FEF5279478AD00A83182 /* Protocol */ = {
			isa = PBXGroup;
			children = (
				1598FEF6279478C100A83182 /* Persistable.swift */,
			);
			path = Protocol;
			sourceTree = "<group>";
		};
		15EA8BDF2793326E00F98DF3 /* Util */ = {
			isa = PBXGroup;
			children = (
				15EA8BE02793328200F98DF3 /* Configuration.swift */,
			);
			path = Util;
			sourceTree = "<group>";
		};
/* End PBXGroup section */

/* Begin PBXNativeTarget section */
		150C95D4278E23FA000CF7C3 /* ArbresOnePoint */ = {
			isa = PBXNativeTarget;
			buildConfigurationList = 150C95F9278E23FB000CF7C3 /* Build configuration list for PBXNativeTarget "ArbresOnePoint" */;
			buildPhases = (
				1589244627926BF5000E4703 /* ShellScript */,
				150C95D1278E23FA000CF7C3 /* Sources */,
				150C95D2278E23FA000CF7C3 /* Frameworks */,
				150C95D3278E23FA000CF7C3 /* Resources */,
			);
			buildRules = (
			);
			dependencies = (
			);
			name = ArbresOnePoint;
			packageProductDependencies = (
				15EA8BDD2793302D00F98DF3 /* Alamofire */,
				15EA8BE527933F2700F98DF3 /* Realm */,
				15EA8BE727933F2700F98DF3 /* RealmSwift */,
			);
			productName = "Arbres One Point";
			productReference = 150C95D5278E23FA000CF7C3 /* ArbresOnePoint.app */;
			productType = "com.apple.product-type.application";
		};
		150C95E4278E23FB000CF7C3 /* ArbresOnePointTests */ = {
			isa = PBXNativeTarget;
			buildConfigurationList = 150C95FC278E23FB000CF7C3 /* Build configuration list for PBXNativeTarget "ArbresOnePointTests" */;
			buildPhases = (
				150C95E1278E23FB000CF7C3 /* Sources */,
				150C95E2278E23FB000CF7C3 /* Frameworks */,
				150C95E3278E23FB000CF7C3 /* Resources */,
			);
			buildRules = (
			);
			dependencies = (
				150C95E7278E23FB000CF7C3 /* PBXTargetDependency */,
			);
			name = ArbresOnePointTests;
			productName = "Arbres One PointTests";
			productReference = 150C95E5278E23FB000CF7C3 /* ArbresOnePointTests.xctest */;
			productType = "com.apple.product-type.bundle.unit-test";
		};
		150C95EE278E23FB000CF7C3 /* ArbresOnePointUITests */ = {
			isa = PBXNativeTarget;
			buildConfigurationList = 150C95FF278E23FB000CF7C3 /* Build configuration list for PBXNativeTarget "ArbresOnePointUITests" */;
			buildPhases = (
				150C95EB278E23FB000CF7C3 /* Sources */,
				150C95EC278E23FB000CF7C3 /* Frameworks */,
				150C95ED278E23FB000CF7C3 /* Resources */,
			);
			buildRules = (
			);
			dependencies = (
				150C95F1278E23FB000CF7C3 /* PBXTargetDependency */,
			);
			name = ArbresOnePointUITests;
			productName = "Arbres One PointUITests";
			productReference = 150C95EF278E23FB000CF7C3 /* ArbresOnePointUITests.xctest */;
			productType = "com.apple.product-type.bundle.ui-testing";
		};
/* End PBXNativeTarget section */

/* Begin PBXProject section */
		150C95CD278E23F9000CF7C3 /* Project object */ = {
			isa = PBXProject;
			attributes = {
				BuildIndependentTargetsInParallel = 1;
				LastSwiftUpdateCheck = 1320;
				LastUpgradeCheck = 1320;
				TargetAttributes = {
					150C95D4278E23FA000CF7C3 = {
						CreatedOnToolsVersion = 13.2.1;
					};
					150C95E4278E23FB000CF7C3 = {
						CreatedOnToolsVersion = 13.2.1;
						LastSwiftMigration = 1320;
						TestTargetID = 150C95D4278E23FA000CF7C3;
					};
					150C95EE278E23FB000CF7C3 = {
						CreatedOnToolsVersion = 13.2.1;
						LastSwiftMigration = 1320;
						TestTargetID = 150C95D4278E23FA000CF7C3;
					};
				};
			};
			buildConfigurationList = 150C95D0278E23F9000CF7C3 /* Build configuration list for PBXProject "ArbresOnePoint" */;
			compatibilityVersion = "Xcode 13.0";
			developmentRegion = en;
			hasScannedForEncodings = 0;
			knownRegions = (
				en,
				Base,
			);
			mainGroup = 150C95CC278E23F9000CF7C3;
			packageReferences = (
				15EA8BDC2793302D00F98DF3 /* XCRemoteSwiftPackageReference "Alamofire" */,
				15EA8BE427933F2700F98DF3 /* XCRemoteSwiftPackageReference "realm-swift" */,
			);
			productRefGroup = 150C95D6278E23FA000CF7C3 /* Products */;
			projectDirPath = "";
			projectRoot = "";
			targets = (
				150C95D4278E23FA000CF7C3 /* ArbresOnePoint */,
				150C95E4278E23FB000CF7C3 /* ArbresOnePointTests */,
				150C95EE278E23FB000CF7C3 /* ArbresOnePointUITests */,
			);
		};
/* End PBXProject section */

/* Begin PBXResourcesBuildPhase section */
		150C95D3278E23FA000CF7C3 /* Resources */ = {
			isa = PBXResourcesBuildPhase;
			buildActionMask = 2147483647;
			files = (
				150C95E0278E23FB000CF7C3 /* Preview Assets.xcassets in Resources */,
				150C95DD278E23FB000CF7C3 /* Assets.xcassets in Resources */,
			);
			runOnlyForDeploymentPostprocessing = 0;
		};
		150C95E3278E23FB000CF7C3 /* Resources */ = {
			isa = PBXResourcesBuildPhase;
			buildActionMask = 2147483647;
			files = (
			);
			runOnlyForDeploymentPostprocessing = 0;
		};
		150C95ED278E23FB000CF7C3 /* Resources */ = {
			isa = PBXResourcesBuildPhase;
			buildActionMask = 2147483647;
			files = (
			);
			runOnlyForDeploymentPostprocessing = 0;
		};
/* End PBXResourcesBuildPhase section */

/* Begin PBXShellScriptBuildPhase section */
		1589244627926BF5000E4703 /* ShellScript */ = {
			isa = PBXShellScriptBuildPhase;
			buildActionMask = 2147483647;
			files = (
			);
			inputFileListPaths = (
			);
			inputPaths = (
			);
			outputFileListPaths = (
			);
			outputPaths = (
			);
			runOnlyForDeploymentPostprocessing = 0;
			shellPath = /bin/sh;
			shellScript = "if which swiftlint >/dev/null; then\n  swiftlint\nelse\n  echo \"warning: SwiftLint not installed, download from https://github.com/realm/SwiftLint\"\nfi\n";
		};
/* End PBXShellScriptBuildPhase section */

/* Begin PBXSourcesBuildPhase section */
		150C95D1278E23FA000CF7C3 /* Sources */ = {
			isa = PBXSourcesBuildPhase;
			buildActionMask = 2147483647;
			files = (
				1588A0D027943CED00F2B0D2 /* JSONSchemaSupport.swift in Sources */,
				1588A0D227943CED00F2B0D2 /* ArbresResponse.swift in Sources */,
				1588A0D327943CED00F2B0D2 /* Parameters.swift in Sources */,
				150C95DB278E23FA000CF7C3 /* ContentView.swift in Sources */,
				1598FEF92794BA7D00A83182 /* ArbreListViewModel.swift in Sources */,
				1588A0D427943CED00F2B0D2 /* Record.swift in Sources */,
				1588A0CE27943CED00F2B0D2 /* Facet.swift in Sources */,
				1588A0D127943CED00F2B0D2 /* Geometry.swift in Sources */,
				150C95D9278E23FA000CF7C3 /* ArbresOnePointApp.swift in Sources */,
				15EA8BE12793328200F98DF3 /* Configuration.swift in Sources */,
				1598FEF7279478C100A83182 /* Persistable.swift in Sources */,
				1588A0CF27943CED00F2B0D2 /* FacetGroup.swift in Sources */,
				149B6744283246A1000F117C /* AppDelegate.swift in Sources */,
				1598FEFE2794C92000A83182 /* ArbreDetailView.swift in Sources */,
				1588A0CD27943CED00F2B0D2 /* Fields.swift in Sources */,
				15EA8BDB27932EEC00F98DF3 /* ArbreApiService.swift in Sources */,
				15EA8BE327933D1000F98DF3 /* DataRepository.swift in Sources */,
				1588A0D6279453B300F2B0D2 /* ArbreDB.swift in Sources */,
			);
			runOnlyForDeploymentPostprocessing = 0;
		};
		150C95E1278E23FB000CF7C3 /* Sources */ = {
			isa = PBXSourcesBuildPhase;
			buildActionMask = 2147483647;
			files = (
				156E4D472796208300FDC033 /* ArbreListViewModelTest.swift in Sources */,
				156E4D482796208700FDC033 /* DataRepositoryTest.swift in Sources */,
			);
			runOnlyForDeploymentPostprocessing = 0;
		};
		150C95EB278E23FB000CF7C3 /* Sources */ = {
			isa = PBXSourcesBuildPhase;
			buildActionMask = 2147483647;
			files = (
				156E4D462796205E00FDC033 /* ArbreOnPointUITests.swift in Sources */,
			);
			runOnlyForDeploymentPostprocessing = 0;
		};
/* End PBXSourcesBuildPhase section */

/* Begin PBXTargetDependency section */
		150C95E7278E23FB000CF7C3 /* PBXTargetDependency */ = {
			isa = PBXTargetDependency;
			target = 150C95D4278E23FA000CF7C3 /* ArbresOnePoint */;
			targetProxy = 150C95E6278E23FB000CF7C3 /* PBXContainerItemProxy */;
		};
		150C95F1278E23FB000CF7C3 /* PBXTargetDependency */ = {
			isa = PBXTargetDependency;
			target = 150C95D4278E23FA000CF7C3 /* ArbresOnePoint */;
			targetProxy = 150C95F0278E23FB000CF7C3 /* PBXContainerItemProxy */;
		};
/* End PBXTargetDependency section */

/* Begin XCBuildConfiguration section */
		150C95F7278E23FB000CF7C3 /* Debug */ = {
			isa = XCBuildConfiguration;
			baseConfigurationReference = 1598FEFA2794C21E00A83182 /* Dev.xcconfig */;
			buildSettings = {
				ALWAYS_SEARCH_USER_PATHS = NO;
				CLANG_ANALYZER_NONNULL = YES;
				CLANG_ANALYZER_NUMBER_OBJECT_CONVERSION = YES_AGGRESSIVE;
				CLANG_CXX_LANGUAGE_STANDARD = "gnu++17";
				CLANG_CXX_LIBRARY = "libc++";
				CLANG_ENABLE_MODULES = YES;
				CLANG_ENABLE_OBJC_ARC = YES;
				CLANG_ENABLE_OBJC_WEAK = YES;
				CLANG_WARN_BLOCK_CAPTURE_AUTORELEASING = YES;
				CLANG_WARN_BOOL_CONVERSION = YES;
				CLANG_WARN_COMMA = YES;
				CLANG_WARN_CONSTANT_CONVERSION = YES;
				CLANG_WARN_DEPRECATED_OBJC_IMPLEMENTATIONS = YES;
				CLANG_WARN_DIRECT_OBJC_ISA_USAGE = YES_ERROR;
				CLANG_WARN_DOCUMENTATION_COMMENTS = YES;
				CLANG_WARN_EMPTY_BODY = YES;
				CLANG_WARN_ENUM_CONVERSION = YES;
				CLANG_WARN_INFINITE_RECURSION = YES;
				CLANG_WARN_INT_CONVERSION = YES;
				CLANG_WARN_NON_LITERAL_NULL_CONVERSION = YES;
				CLANG_WARN_OBJC_IMPLICIT_RETAIN_SELF = YES;
				CLANG_WARN_OBJC_LITERAL_CONVERSION = YES;
				CLANG_WARN_OBJC_ROOT_CLASS = YES_ERROR;
				CLANG_WARN_QUOTED_INCLUDE_IN_FRAMEWORK_HEADER = YES;
				CLANG_WARN_RANGE_LOOP_ANALYSIS = YES;
				CLANG_WARN_STRICT_PROTOTYPES = YES;
				CLANG_WARN_SUSPICIOUS_MOVE = YES;
				CLANG_WARN_UNGUARDED_AVAILABILITY = YES_AGGRESSIVE;
				CLANG_WARN_UNREACHABLE_CODE = YES;
				CLANG_WARN__DUPLICATE_METHOD_MATCH = YES;
				COPY_PHASE_STRIP = NO;
				DEBUG_INFORMATION_FORMAT = dwarf;
				ENABLE_STRICT_OBJC_MSGSEND = YES;
				ENABLE_TESTABILITY = YES;
				GCC_C_LANGUAGE_STANDARD = gnu11;
				GCC_DYNAMIC_NO_PIC = NO;
				GCC_NO_COMMON_BLOCKS = YES;
				GCC_OPTIMIZATION_LEVEL = 0;
				GCC_PREPROCESSOR_DEFINITIONS = (
					"DEBUG=1",
					"$(inherited)",
				);
				GCC_WARN_64_TO_32_BIT_CONVERSION = YES;
				GCC_WARN_ABOUT_RETURN_TYPE = YES_ERROR;
				GCC_WARN_UNDECLARED_SELECTOR = YES;
				GCC_WARN_UNINITIALIZED_AUTOS = YES_AGGRESSIVE;
				GCC_WARN_UNUSED_FUNCTION = YES;
				GCC_WARN_UNUSED_VARIABLE = YES;
				IPHONEOS_DEPLOYMENT_TARGET = 15.2;
				MTL_ENABLE_DEBUG_INFO = INCLUDE_SOURCE;
				MTL_FAST_MATH = YES;
				ONLY_ACTIVE_ARCH = YES;
				SDKROOT = iphoneos;
				SWIFT_ACTIVE_COMPILATION_CONDITIONS = DEBUG;
				SWIFT_OPTIMIZATION_LEVEL = "-Onone";
			};
			name = Debug;
		};
		150C95F8278E23FB000CF7C3 /* Release */ = {
			isa = XCBuildConfiguration;
			baseConfigurationReference = 1598FEFB2794C22E00A83182 /* Release.xcconfig */;
			buildSettings = {
				ALWAYS_SEARCH_USER_PATHS = NO;
				CLANG_ANALYZER_NONNULL = YES;
				CLANG_ANALYZER_NUMBER_OBJECT_CONVERSION = YES_AGGRESSIVE;
				CLANG_CXX_LANGUAGE_STANDARD = "gnu++17";
				CLANG_CXX_LIBRARY = "libc++";
				CLANG_ENABLE_MODULES = YES;
				CLANG_ENABLE_OBJC_ARC = YES;
				CLANG_ENABLE_OBJC_WEAK = YES;
				CLANG_WARN_BLOCK_CAPTURE_AUTORELEASING = YES;
				CLANG_WARN_BOOL_CONVERSION = YES;
				CLANG_WARN_COMMA = YES;
				CLANG_WARN_CONSTANT_CONVERSION = YES;
				CLANG_WARN_DEPRECATED_OBJC_IMPLEMENTATIONS = YES;
				CLANG_WARN_DIRECT_OBJC_ISA_USAGE = YES_ERROR;
				CLANG_WARN_DOCUMENTATION_COMMENTS = YES;
				CLANG_WARN_EMPTY_BODY = YES;
				CLANG_WARN_ENUM_CONVERSION = YES;
				CLANG_WARN_INFINITE_RECURSION = YES;
				CLANG_WARN_INT_CONVERSION = YES;
				CLANG_WARN_NON_LITERAL_NULL_CONVERSION = YES;
				CLANG_WARN_OBJC_IMPLICIT_RETAIN_SELF = YES;
				CLANG_WARN_OBJC_LITERAL_CONVERSION = YES;
				CLANG_WARN_OBJC_ROOT_CLASS = YES_ERROR;
				CLANG_WARN_QUOTED_INCLUDE_IN_FRAMEWORK_HEADER = YES;
				CLANG_WARN_RANGE_LOOP_ANALYSIS = YES;
				CLANG_WARN_STRICT_PROTOTYPES = YES;
				CLANG_WARN_SUSPICIOUS_MOVE = YES;
				CLANG_WARN_UNGUARDED_AVAILABILITY = YES_AGGRESSIVE;
				CLANG_WARN_UNREACHABLE_CODE = YES;
				CLANG_WARN__DUPLICATE_METHOD_MATCH = YES;
				COPY_PHASE_STRIP = NO;
				DEBUG_INFORMATION_FORMAT = "dwarf-with-dsym";
				ENABLE_NS_ASSERTIONS = NO;
				ENABLE_STRICT_OBJC_MSGSEND = YES;
				GCC_C_LANGUAGE_STANDARD = gnu11;
				GCC_NO_COMMON_BLOCKS = YES;
				GCC_WARN_64_TO_32_BIT_CONVERSION = YES;
				GCC_WARN_ABOUT_RETURN_TYPE = YES_ERROR;
				GCC_WARN_UNDECLARED_SELECTOR = YES;
				GCC_WARN_UNINITIALIZED_AUTOS = YES_AGGRESSIVE;
				GCC_WARN_UNUSED_FUNCTION = YES;
				GCC_WARN_UNUSED_VARIABLE = YES;
				IPHONEOS_DEPLOYMENT_TARGET = 15.2;
				MTL_ENABLE_DEBUG_INFO = NO;
				MTL_FAST_MATH = YES;
				SDKROOT = iphoneos;
				SWIFT_COMPILATION_MODE = wholemodule;
				SWIFT_OPTIMIZATION_LEVEL = "-O";
				VALIDATE_PRODUCT = YES;
			};
			name = Release;
		};
		150C95FA278E23FB000CF7C3 /* Debug */ = {
			isa = XCBuildConfiguration;
			baseConfigurationReference = 1598FEFA2794C21E00A83182 /* Dev.xcconfig */;
			buildSettings = {
				ASSETCATALOG_COMPILER_APPICON_NAME = AppIcon;
				ASSETCATALOG_COMPILER_GLOBAL_ACCENT_COLOR_NAME = AccentColor;
				CODE_SIGN_STYLE = Automatic;
				CURRENT_PROJECT_VERSION = 1;
				DEVELOPMENT_ASSET_PATHS = "\"ArbresOnePoint/Preview Content\"";
				DEVELOPMENT_TEAM = 6NTQ2Y43QX;
				ENABLE_PREVIEWS = YES;
				GENERATE_INFOPLIST_FILE = YES;
				INFOPLIST_FILE = "Arbres-One-Point-Info.plist";
				INFOPLIST_KEY_UIApplicationSceneManifest_Generation = YES;
				INFOPLIST_KEY_UIApplicationSupportsIndirectInputEvents = YES;
				INFOPLIST_KEY_UILaunchScreen_Generation = YES;
				INFOPLIST_KEY_UISupportedInterfaceOrientations = UIInterfaceOrientationPortrait;
				INFOPLIST_KEY_UISupportedInterfaceOrientations_iPad = "UIInterfaceOrientationPortrait UIInterfaceOrientationPortraitUpsideDown UIInterfaceOrientationLandscapeLeft UIInterfaceOrientationLandscapeRight";
				INFOPLIST_KEY_UISupportedInterfaceOrientations_iPhone = "UIInterfaceOrientationPortrait UIInterfaceOrientationLandscapeLeft UIInterfaceOrientationLandscapeRight";
				LD_RUNPATH_SEARCH_PATHS = (
					"$(inherited)",
					"@executable_path/Frameworks",
				);
				MARKETING_VERSION = 1.0;
				PRODUCT_BUNDLE_IDENTIFIER = "com.tooflexdev.Arbres-One-Point";
				PRODUCT_NAME = "$(TARGET_NAME)";
				SWIFT_EMIT_LOC_STRINGS = YES;
				SWIFT_VERSION = 5.0;
				TARGETED_DEVICE_FAMILY = "1,2";
			};
			name = Debug;
		};
		150C95FB278E23FB000CF7C3 /* Release */ = {
			isa = XCBuildConfiguration;
			baseConfigurationReference = 1598FEFB2794C22E00A83182 /* Release.xcconfig */;
			buildSettings = {
				ASSETCATALOG_COMPILER_APPICON_NAME = AppIcon;
				ASSETCATALOG_COMPILER_GLOBAL_ACCENT_COLOR_NAME = AccentColor;
				CODE_SIGN_STYLE = Automatic;
				CURRENT_PROJECT_VERSION = 1;
				DEVELOPMENT_ASSET_PATHS = "\"ArbresOnePoint/Preview Content\"";
				DEVELOPMENT_TEAM = 6NTQ2Y43QX;
				ENABLE_PREVIEWS = YES;
				GENERATE_INFOPLIST_FILE = YES;
				INFOPLIST_FILE = "Arbres-One-Point-Info.plist";
				INFOPLIST_KEY_UIApplicationSceneManifest_Generation = YES;
				INFOPLIST_KEY_UIApplicationSupportsIndirectInputEvents = YES;
				INFOPLIST_KEY_UILaunchScreen_Generation = YES;
				INFOPLIST_KEY_UISupportedInterfaceOrientations = UIInterfaceOrientationPortrait;
				INFOPLIST_KEY_UISupportedInterfaceOrientations_iPad = "UIInterfaceOrientationPortrait UIInterfaceOrientationPortraitUpsideDown UIInterfaceOrientationLandscapeLeft UIInterfaceOrientationLandscapeRight";
				INFOPLIST_KEY_UISupportedInterfaceOrientations_iPhone = "UIInterfaceOrientationPortrait UIInterfaceOrientationLandscapeLeft UIInterfaceOrientationLandscapeRight";
				LD_RUNPATH_SEARCH_PATHS = (
					"$(inherited)",
					"@executable_path/Frameworks",
				);
				MARKETING_VERSION = 1.0;
				PRODUCT_BUNDLE_IDENTIFIER = "com.tooflexdev.Arbres-One-Point";
				PRODUCT_NAME = "$(TARGET_NAME)";
				SWIFT_EMIT_LOC_STRINGS = YES;
				SWIFT_VERSION = 5.0;
				TARGETED_DEVICE_FAMILY = "1,2";
			};
			name = Release;
		};
		150C95FD278E23FB000CF7C3 /* Debug */ = {
			isa = XCBuildConfiguration;
			baseConfigurationReference = 1598FEFA2794C21E00A83182 /* Dev.xcconfig */;
			buildSettings = {
				ALWAYS_EMBED_SWIFT_STANDARD_LIBRARIES = YES;
				BUNDLE_LOADER = "$(TEST_HOST)";
				CLANG_ENABLE_MODULES = YES;
				CODE_SIGN_STYLE = Automatic;
				CURRENT_PROJECT_VERSION = 1;
				DEVELOPMENT_TEAM = 6NTQ2Y43QX;
				GENERATE_INFOPLIST_FILE = YES;
				IPHONEOS_DEPLOYMENT_TARGET = 15.2;
				LD_RUNPATH_SEARCH_PATHS = (
					"$(inherited)",
					"@executable_path/Frameworks",
					"@loader_path/Frameworks",
				);
				MARKETING_VERSION = 1.0;
				PRODUCT_BUNDLE_IDENTIFIER = "com.tooflexdev.Arbres-One-PointTests";
				PRODUCT_NAME = "$(TARGET_NAME)";
				SWIFT_EMIT_LOC_STRINGS = NO;
				SWIFT_OPTIMIZATION_LEVEL = "-Onone";
				SWIFT_VERSION = 5.0;
				TARGETED_DEVICE_FAMILY = "1,2";
				TEST_HOST = "$(BUILT_PRODUCTS_DIR)/ArbresOnePoint.app/ArbresOnePoint";
			};
			name = Debug;
		};
		150C95FE278E23FB000CF7C3 /* Release */ = {
			isa = XCBuildConfiguration;
			baseConfigurationReference = 1598FEFB2794C22E00A83182 /* Release.xcconfig */;
			buildSettings = {
				ALWAYS_EMBED_SWIFT_STANDARD_LIBRARIES = YES;
				BUNDLE_LOADER = "$(TEST_HOST)";
				CLANG_ENABLE_MODULES = YES;
				CODE_SIGN_STYLE = Automatic;
				CURRENT_PROJECT_VERSION = 1;
				DEVELOPMENT_TEAM = 6NTQ2Y43QX;
				GENERATE_INFOPLIST_FILE = YES;
				IPHONEOS_DEPLOYMENT_TARGET = 15.2;
				LD_RUNPATH_SEARCH_PATHS = (
					"$(inherited)",
					"@executable_path/Frameworks",
					"@loader_path/Frameworks",
				);
				MARKETING_VERSION = 1.0;
				PRODUCT_BUNDLE_IDENTIFIER = "com.tooflexdev.Arbres-One-PointTests";
				PRODUCT_NAME = "$(TARGET_NAME)";
				SWIFT_EMIT_LOC_STRINGS = NO;
				SWIFT_VERSION = 5.0;
				TARGETED_DEVICE_FAMILY = "1,2";
				TEST_HOST = "$(BUILT_PRODUCTS_DIR)/ArbresOnePoint.app/ArbresOnePoint";
			};
			name = Release;
		};
		150C9600278E23FB000CF7C3 /* Debug */ = {
			isa = XCBuildConfiguration;
			baseConfigurationReference = 1598FEFA2794C21E00A83182 /* Dev.xcconfig */;
			buildSettings = {
				ALWAYS_EMBED_SWIFT_STANDARD_LIBRARIES = YES;
				CLANG_ENABLE_MODULES = YES;
				CODE_SIGN_STYLE = Automatic;
				CURRENT_PROJECT_VERSION = 1;
				DEVELOPMENT_TEAM = 6NTQ2Y43QX;
				GENERATE_INFOPLIST_FILE = YES;
				LD_RUNPATH_SEARCH_PATHS = (
					"$(inherited)",
					"@executable_path/Frameworks",
					"@loader_path/Frameworks",
				);
				MARKETING_VERSION = 1.0;
				PRODUCT_BUNDLE_IDENTIFIER = "com.tooflexdev.Arbres-One-PointUITests";
				PRODUCT_NAME = "$(TARGET_NAME)";
				PROVISIONING_PROFILE = "";
				SWIFT_EMIT_LOC_STRINGS = NO;
				SWIFT_OPTIMIZATION_LEVEL = "-Onone";
				SWIFT_VERSION = 5.0;
				TARGETED_DEVICE_FAMILY = "1,2";
				TEST_TARGET_NAME = ArbresOnePoint;
			};
			name = Debug;
		};
		150C9601278E23FB000CF7C3 /* Release */ = {
			isa = XCBuildConfiguration;
			baseConfigurationReference = 1598FEFB2794C22E00A83182 /* Release.xcconfig */;
			buildSettings = {
				ALWAYS_EMBED_SWIFT_STANDARD_LIBRARIES = YES;
				CLANG_ENABLE_MODULES = YES;
				CODE_SIGN_STYLE = Automatic;
				CURRENT_PROJECT_VERSION = 1;
				DEVELOPMENT_TEAM = 6NTQ2Y43QX;
				GENERATE_INFOPLIST_FILE = YES;
				LD_RUNPATH_SEARCH_PATHS = (
					"$(inherited)",
					"@executable_path/Frameworks",
					"@loader_path/Frameworks",
				);
				MARKETING_VERSION = 1.0;
				PRODUCT_BUNDLE_IDENTIFIER = "com.tooflexdev.Arbres-One-PointUITests";
				PRODUCT_NAME = "$(TARGET_NAME)";
				PROVISIONING_PROFILE = "";
				SWIFT_EMIT_LOC_STRINGS = NO;
				SWIFT_VERSION = 5.0;
				TARGETED_DEVICE_FAMILY = "1,2";
				TEST_TARGET_NAME = ArbresOnePoint;
			};
			name = Release;
		};
/* End XCBuildConfiguration section */

/* Begin XCConfigurationList section */
		150C95D0278E23F9000CF7C3 /* Build configuration list for PBXProject "ArbresOnePoint" */ = {
			isa = XCConfigurationList;
			buildConfigurations = (
				150C95F7278E23FB000CF7C3 /* Debug */,
				150C95F8278E23FB000CF7C3 /* Release */,
			);
			defaultConfigurationIsVisible = 0;
			defaultConfigurationName = Release;
		};
		150C95F9278E23FB000CF7C3 /* Build configuration list for PBXNativeTarget "ArbresOnePoint" */ = {
			isa = XCConfigurationList;
			buildConfigurations = (
				150C95FA278E23FB000CF7C3 /* Debug */,
				150C95FB278E23FB000CF7C3 /* Release */,
			);
			defaultConfigurationIsVisible = 0;
			defaultConfigurationName = Release;
		};
		150C95FC278E23FB000CF7C3 /* Build configuration list for PBXNativeTarget "ArbresOnePointTests" */ = {
			isa = XCConfigurationList;
			buildConfigurations = (
				150C95FD278E23FB000CF7C3 /* Debug */,
				150C95FE278E23FB000CF7C3 /* Release */,
			);
			defaultConfigurationIsVisible = 0;
			defaultConfigurationName = Release;
		};
		150C95FF278E23FB000CF7C3 /* Build configuration list for PBXNativeTarget "ArbresOnePointUITests" */ = {
			isa = XCConfigurationList;
			buildConfigurations = (
				150C9600278E23FB000CF7C3 /* Debug */,
				150C9601278E23FB000CF7C3 /* Release */,
			);
			defaultConfigurationIsVisible = 0;
			defaultConfigurationName = Release;
		};
/* End XCConfigurationList section */

/* Begin XCRemoteSwiftPackageReference section */
		15EA8BDC2793302D00F98DF3 /* XCRemoteSwiftPackageReference "Alamofire" */ = {
			isa = XCRemoteSwiftPackageReference;
			repositoryURL = "https://github.com/Alamofire/Alamofire";
			requirement = {
				kind = upToNextMajorVersion;
				minimumVersion = 5.0.0;
			};
		};
		15EA8BE427933F2700F98DF3 /* XCRemoteSwiftPackageReference "realm-swift" */ = {
			isa = XCRemoteSwiftPackageReference;
			repositoryURL = "https://github.com/realm/realm-swift.git";
			requirement = {
				kind = upToNextMajorVersion;
				minimumVersion = 10.19.0;
			};
		};
/* End XCRemoteSwiftPackageReference section */

/* Begin XCSwiftPackageProductDependency section */
		15EA8BDD2793302D00F98DF3 /* Alamofire */ = {
			isa = XCSwiftPackageProductDependency;
			package = 15EA8BDC2793302D00F98DF3 /* XCRemoteSwiftPackageReference "Alamofire" */;
			productName = Alamofire;
		};
		15EA8BE527933F2700F98DF3 /* Realm */ = {
			isa = XCSwiftPackageProductDependency;
			package = 15EA8BE427933F2700F98DF3 /* XCRemoteSwiftPackageReference "realm-swift" */;
			productName = Realm;
		};
		15EA8BE727933F2700F98DF3 /* RealmSwift */ = {
			isa = XCSwiftPackageProductDependency;
			package = 15EA8BE427933F2700F98DF3 /* XCRemoteSwiftPackageReference "realm-swift" */;
			productName = RealmSwift;
		};
/* End XCSwiftPackageProductDependency section */
	};
	rootObject = 150C95CD278E23F9000CF7C3 /* Project object */;
}
